
Microsoft Visual Studio Solution File, Format Version 12.00
# Visual Studio 2012
Project("{FAE04EC0-301F-11D3-BF4B-00C04F79EFBC}") = "wcfCreate", "wcfCreate\wcfCreate.csproj", "{46A32574-E137-41DC-9BDF-AFBF703CA6DC}"
EndProject
Project("{FAE04EC0-301F-11D3-BF4B-00C04F79EFBC}") = "WcfSelect", "..\WcfSelect\WcfSelect.csproj", "{4A2B5389-5B68-4AB4-9E87-897084A7538B}"
EndProject
Project("{E24C65DC-7377-472B-9ABA-BC803B73C61A}") = "EmployeeMgmt(2)", "http://localhost:53942", "{4F175E63-68EE-4E91-9A65-7653B0A2CD50}"
	ProjectSection(WebsiteProperties) = preProject
		UseIISExpress = "true"
		TargetFrameworkMoniker = ".NETFramework,Version%3Dv4.5"
		Debug.AspNetCompiler.VirtualPath = "/localhost_53942"
		Debug.AspNetCompiler.PhysicalPath = "..\..\..\Sushama\EmployeeMgmt\"
		Debug.AspNetCompiler.TargetPath = "PrecompiledWeb\localhost_53942\"
		Debug.AspNetCompiler.Updateable = "true"
		Debug.AspNetCompiler.ForceOverwrite = "true"
		Debug.AspNetCompiler.FixedNames = "false"
		Debug.AspNetCompiler.Debug = "True"
		Release.AspNetCompiler.VirtualPath = "/localhost_53942"
		Release.AspNetCompiler.PhysicalPath = "..\..\..\Sushama\EmployeeMgmt\"
		Release.AspNetCompiler.TargetPath = "PrecompiledWeb\localhost_53942\"
		Release.AspNetCompiler.Updateable = "true"
		Release.AspNetCompiler.ForceOverwrite = "true"
		Release.AspNetCompiler.FixedNames = "false"
		Release.AspNetCompiler.Debug = "False"
		SlnRelativePath = "..\..\..\Sushama\EmployeeMgmt\"
		DefaultWebSiteLanguage = "Visual C#"
	EndProjectSection
	ProjectSection(ProjectDependencies) = postProject
		{46A32574-E137-41DC-9BDF-AFBF703CA6DC} = {46A32574-E137-41DC-9BDF-AFBF703CA6DC}
		{4A2B5389-5B68-4AB4-9E87-897084A7538B} = {4A2B5389-5B68-4AB4-9E87-897084A7538B}
	EndProjectSection
EndProject
Global
	GlobalSection(SolutionConfigurationPlatforms) = preSolution
		Debug|Any CPU = Debug|Any CPU
		Release|Any CPU = Release|Any CPU
	EndGlobalSection
	GlobalSection(ProjectConfigurationPlatforms) = postSolution
		{46A32574-E137-41DC-9BDF-AFBF703CA6DC}.Debug|Any CPU.ActiveCfg = Debug|Any CPU
		{46A32574-E137-41DC-9BDF-AFBF703CA6DC}.Debug|Any CPU.Build.0 = Debug|Any CPU
		{46A32574-E137-41DC-9BDF-AFBF703CA6DC}.Release|Any CPU.ActiveCfg = Release|Any CPU
		{46A32574-E137-41DC-9BDF-AFBF703CA6DC}.Release|Any CPU.Build.0 = Release|Any CPU
		{4A2B5389-5B68-4AB4-9E87-897084A7538B}.Debug|Any CPU.ActiveCfg = Debug|Any CPU
		{4A2B5389-5B68-4AB4-9E87-897084A7538B}.Debug|Any CPU.Build.0 = Debug|Any CPU
		{4A2B5389-5B68-4AB4-9E87-897084A7538B}.Release|Any CPU.ActiveCfg = Release|Any CPU
		{4A2B5389-5B68-4AB4-9E87-897084A7538B}.Release|Any CPU.Build.0 = Release|Any CPU
		{4F175E63-68EE-4E91-9A65-7653B0A2CD50}.Debug|Any CPU.ActiveCfg = Debug|Any CPU
		{4F175E63-68EE-4E91-9A65-7653B0A2CD50}.Debug|Any CPU.Build.0 = Debug|Any CPU
		{4F175E63-68EE-4E91-9A65-7653B0A2CD50}.Release|Any CPU.ActiveCfg = Debug|Any CPU
		{4F175E63-68EE-4E91-9A65-7653B0A2CD50}.Release|Any CPU.Build.0 = Debug|Any CPU
	EndGlobalSection
	GlobalSection(SolutionProperties) = preSolution
		HideSolutionNode = FALSE
	EndGlobalSection
EndGlobal
